// !$*UTF8*$!
{
	archiveVersion = 1;
	classes = {
	};
	objectVersion = 50;
	objects = {

/* Begin PBXBuildFile section */
		A5D04ED325ABB226004BE0F8 /* BooksApp.swift in Sources */ = {isa = PBXBuildFile; fileRef = A5D04ED225ABB226004BE0F8 /* BooksApp.swift */; };
		A5D04ED525ABB226004BE0F8 /* ContentView.swift in Sources */ = {isa = PBXBuildFile; fileRef = A5D04ED425ABB226004BE0F8 /* ContentView.swift */; };
		A5D04ED725ABB228004BE0F8 /* Assets.xcassets in Resources */ = {isa = PBXBuildFile; fileRef = A5D04ED625ABB228004BE0F8 /* Assets.xcassets */; };
		A5D04EDA25ABB228004BE0F8 /* Preview Assets.xcassets in Resources */ = {isa = PBXBuildFile; fileRef = A5D04ED925ABB228004BE0F8 /* Preview Assets.xcassets */; };
		A5D04EDC25ABB228004BE0F8 /* Persistence.swift in Sources */ = {isa = PBXBuildFile; fileRef = A5D04EDB25ABB228004BE0F8 /* Persistence.swift */; };
		A5D04EDF25ABB228004BE0F8 /* Books.xcdatamodeld in Sources */ = {isa = PBXBuildFile; fileRef = A5D04EDD25ABB228004BE0F8 /* Books.xcdatamodeld */; };
/* End PBXBuildFile section */

/* Begin PBXFileReference section */
		A5D04ECF25ABB226004BE0F8 /* Books.app */ = {isa = PBXFileReference; explicitFileType = wrapper.application; includeInIndex = 0; path = Books.app; sourceTree = BUILT_PRODUCTS_DIR; };
		A5D04ED225ABB226004BE0F8 /* BooksApp.swift */ = {isa = PBXFileReference; lastKnownFileType = sourcecode.swift; path = BooksApp.swift; sourceTree = "<group>"; };
		A5D04ED425ABB226004BE0F8 /* ContentView.swift */ = {isa = PBXFileReference; lastKnownFileType = sourcecode.swift; path = ContentView.swift; sourceTree = "<group>"; };
		A5D04ED625ABB228004BE0F8 /* Assets.xcassets */ = {isa = PBXFileReference; lastKnownFileType = folder.assetcatalog; path = Assets.xcassets; sourceTree = "<group>"; };
		A5D04ED925ABB228004BE0F8 /* Preview Assets.xcassets */ = {isa = PBXFileReference; lastKnownFileType = folder.assetcatalog; path = "Preview Assets.xcassets"; sourceTree = "<group>"; };
		A5D04EDB25ABB228004BE0F8 /* Persistence.swift */ = {isa = PBXFileReference; lastKnownFileType = sourcecode.swift; path = Persistence.swift; sourceTree = "<group>"; };
		A5D04EDE25ABB228004BE0F8 /* Books.xcdatamodel */ = {isa = PBXFileReference; lastKnownFileType = wrapper.xcdatamodel; path = Books.xcdatamodel; sourceTree = "<group>"; };
		A5D04EE025ABB228004BE0F8 /* Info.plist */ = {isa = PBXFileReference; lastKnownFileType = text.plist.xml; path = Info.plist; sourceTree = "<group>"; };
/* End PBXFileReference section */

/* Begin PBXFrameworksBuildPhase section */
		A5D04ECC25ABB226004BE0F8 /* Frameworks */ = {
			isa = PBXFrameworksBuildPhase;
			buildActionMask = 2147483647;
			files = (
			);
			runOnlyForDeploymentPostprocessing = 0;
		};
/* End PBXFrameworksBuildPhase section */

/* Begin PBXGroup section */
		A5D04EC625ABB226004BE0F8 = {
			isa = PBXGroup;
			children = (
				A5D04ED125ABB226004BE0F8 /* Books */,
				A5D04ED025ABB226004BE0F8 /* Products */,
			);
			sourceTree = "<group>";
		};
		A5D04ED025ABB226004BE0F8 /* Products */ = {
			isa = PBXGroup;
			children = (
				A5D04ECF25ABB226004BE0F8 /* Books.app */,
			);
			name = Products;
			sourceTree = "<group>";
		};
		A5D04ED125ABB226004BE0F8 /* Books */ = {
			isa = PBXGroup;
			children = (
				A5D04ED225ABB226004BE0F8 /* BooksApp.swift */,
				A5D04ED425ABB226004BE0F8 /* ContentView.swift */,
				A5D04ED625ABB228004BE0F8 /* Assets.xcassets */,
				A5D04EDB25ABB228004BE0F8 /* Persistence.swift */,
				A5D04EE025ABB228004BE0F8 /* Info.plist */,
				A5D04EDD25ABB228004BE0F8 /* Books.xcdatamodeld */,
				A5D04ED825ABB228004BE0F8 /* Preview Content */,
			);
			path = Books;
			sourceTree = "<group>";
		};
		A5D04ED825ABB228004BE0F8 /* Preview Content */ = {
			isa = PBXGroup;
			children = (
				A5D04ED925ABB228004BE0F8 /* Preview Assets.xcassets */,
			);
			path = "Preview Content";
			sourceTree = "<group>";
		};
/* End PBXGroup section */

/* Begin PBXNativeTarget section */
		A5D04ECE25ABB226004BE0F8 /* Books */ = {
			isa = PBXNativeTarget;
			buildConfigurationList = A5D04EE325ABB228004BE0F8 /* Build configuration list for PBXNativeTarget "Books" */;
			buildPhases = (
				A5D04ECB25ABB226004BE0F8 /* Sources */,
				A5D04ECC25ABB226004BE0F8 /* Frameworks */,
				A5D04ECD25ABB226004BE0F8 /* Resources */,
			);
			buildRules = (
			);
			dependencies = (
			);
			name = Books;
			productName = Books;
			productReference = A5D04ECF25ABB226004BE0F8 /* Books.app */;
			productType = "com.apple.product-type.application";
		};
/* End PBXNativeTarget section */

/* Begin PBXProject section */
		A5D04EC725ABB226004BE0F8 /* Project object */ = {
			isa = PBXProject;
			attributes = {
				LastSwiftUpdateCheck = 1220;
				LastUpgradeCheck = 1220;
				TargetAttributes = {
					A5D04ECE25ABB226004BE0F8 = {
						CreatedOnToolsVersion = 12.2;
					};
				};
			};
			buildConfigurationList = A5D04ECA25ABB226004BE0F8 /* Build configuration list for PBXProject "Books" */;
			compatibilityVersion = "Xcode 9.3";
			developmentRegion = en;
			hasScannedForEncodings = 0;
			knownRegions = (
				en,
				Base,
			);
			mainGroup = A5D04EC625ABB226004BE0F8;
			productRefGroup = A5D04ED025ABB226004BE0F8 /* Products */;
			projectDirPath = "";
			projectRoot = "";
			targets = (
				A5D04ECE25ABB226004BE0F8 /* Books */,
			);
		};
/* End PBXProject section */

/* Begin PBXResourcesBuildPhase section */
		A5D04ECD25ABB226004BE0F8 /* Resources */ = {
			isa = PBXResourcesBuildPhase;
			buildActionMask = 2147483647;
			files = (
				A5D04EDA25ABB228004BE0F8 /* Preview Assets.xcassets in Resources */,
				A5D04ED725ABB228004BE0F8 /* Assets.xcassets in Resources */,
			);
			runOnlyForDeploymentPostprocessing = 0;
		};
/* End PBXResourcesBuildPhase section */

/* Begin PBXSourcesBuildPhase section */
		A5D04ECB25ABB226004BE0F8 /* Sources */ = {
			isa = PBXSourcesBuildPhase;
			buildActionMask = 2147483647;
			files = (
				A5D04EDF25ABB228004BE0F8 /* Books.xcdatamodeld in Sources */,
				A5D04EDC25ABB228004BE0F8 /* Persistence.swift in Sources */,
				A5D04ED525ABB226004BE0F8 /* ContentView.swift in Sources */,
				A5D04ED325ABB226004BE0F8 /* BooksApp.swift in Sources */,
			);
			runOnlyForDeploymentPostprocessing = 0;
		};
/* End PBXSourcesBuildPhase section */

/* Begin XCBuildConfiguration section */
		A5D04EE125ABB228004BE0F8 /* Debug */ = {
			isa = XCBuildConfiguration;
			buildSettings = {
				ALWAYS_SEARCH_USER_PATHS = NO;
				CLANG_ANALYZER_NONNULL = YES;
				CLANG_ANALYZER_NUMBER_OBJECT_CONVERSION = YES_AGGRESSIVE;
				CLANG_CXX_LANGUAGE_STANDARD = "gnu++14";
				CLANG_CXX_LIBRARY = "libc++";
				CLANG_ENABLE_MODULES = YES;
				CLANG_ENABLE_OBJC_ARC = YES;
				CLANG_ENABLE_OBJC_WEAK = YES;
				CLANG_WARN_BLOCK_CAPTURE_AUTORELEASING = YES;
				CLANG_WARN_BOOL_CONVERSION = YES;
				CLANG_WARN_COMMA = YES;
				CLANG_WARN_CONSTANT_CONVERSION = YES;
				CLANG_WARN_DEPRECATED_OBJC_IMPLEMENTATIONS = YES;
				CLANG_WARN_DIRECT_OBJC_ISA_USAGE = YES_ERROR;
				CLANG_WARN_DOCUMENTATION_COMMENTS = YES;
				CLANG_WARN_EMPTY_BODY = YES;
				CLANG_WARN_ENUM_CONVERSION = YES;
				CLANG_WARN_INFINITE_RECURSION = YES;
				CLANG_WARN_INT_CONVERSION = YES;
				CLANG_WARN_NON_LITERAL_NULL_CONVERSION = YES;
				CLANG_WARN_OBJC_IMPLICIT_RETAIN_SELF = YES;
				CLANG_WARN_OBJC_LITERAL_CONVERSION = YES;
				CLANG_WARN_OBJC_ROOT_CLASS = YES_ERROR;
				CLANG_WARN_QUOTED_INCLUDE_IN_FRAMEWORK_HEADER = YES;
				CLANG_WARN_RANGE_LOOP_ANALYSIS = YES;
				CLANG_WARN_STRICT_PROTOTYPES = YES;
				CLANG_WARN_SUSPICIOUS_MOVE = YES;
				CLANG_WARN_UNGUARDED_AVAILABILITY = YES_AGGRESSIVE;
				CLANG_WARN_UNREACHABLE_CODE = YES;
				CLANG_WARN__DUPLICATE_METHOD_MATCH = YES;
				COPY_PHASE_STRIP = NO;
				DEBUG_INFORMATION_FORMAT = dwarf;
				ENABLE_STRICT_OBJC_MSGSEND = YES;
				ENABLE_TESTABILITY = YES;
				GCC_C_LANGUAGE_STANDARD = gnu11;
				GCC_DYNAMIC_NO_PIC = NO;
				GCC_NO_COMMON_BLOCKS = YES;
				GCC_OPTIMIZATION_LEVEL = 0;
				GCC_PREPROCESSOR_DEFINITIONS = (
					"DEBUG=1",
					"$(inherited)",
				);
				GCC_WARN_64_TO_32_BIT_CONVERSION = YES;
				GCC_WARN_ABOUT_RETURN_TYPE = YES_ERROR;
				GCC_WARN_UNDECLARED_SELECTOR = YES;
				GCC_WARN_UNINITIALIZED_AUTOS = YES_AGGRESSIVE;
				GCC_WARN_UNUSED_FUNCTION = YES;
				GCC_WARN_UNUSED_VARIABLE = YES;
				IPHONEOS_DEPLOYMENT_TARGET = 14.2;
				MTL_ENABLE_DEBUG_INFO = INCLUDE_SOURCE;
				MTL_FAST_MATH = YES;
				ONLY_ACTIVE_ARCH = YES;
				SDKROOT = iphoneos;
				SWIFT_ACTIVE_COMPILATION_CONDITIONS = DEBUG;
				SWIFT_OPTIMIZATION_LEVEL = "-Onone";
			};
			name = Debug;
		};
		A5D04EE225ABB228004BE0F8 /* Release */ = {
			isa = XCBuildConfiguration;
			buildSettings = {
				ALWAYS_SEARCH_USER_PATHS = NO;
				CLANG_ANALYZER_NONNULL = YES;
				CLANG_ANALYZER_NUMBER_OBJECT_CONVERSION = YES_AGGRESSIVE;
				CLANG_CXX_LANGUAGE_STANDARD = "gnu++14";
				CLANG_CXX_LIBRARY = "libc++";
				CLANG_ENABLE_MODULES = YES;
				CLANG_ENABLE_OBJC_ARC = YES;
				CLANG_ENABLE_OBJC_WEAK = YES;
				CLANG_WARN_BLOCK_CAPTURE_AUTORELEASING = YES;
				CLANG_WARN_BOOL_CONVERSION = YES;
				CLANG_WARN_COMMA = YES;
				CLANG_WARN_CONSTANT_CONVERSION = YES;
				CLANG_WARN_DEPRECATED_OBJC_IMPLEMENTATIONS = YES;
				CLANG_WARN_DIRECT_OBJC_ISA_USAGE = YES_ERROR;
				CLANG_WARN_DOCUMENTATION_COMMENTS = YES;
				CLANG_WARN_EMPTY_BODY = YES;
				CLANG_WARN_ENUM_CONVERSION = YES;
				CLANG_WARN_INFINITE_RECURSION = YES;
				CLANG_WARN_INT_CONVERSION = YES;
				CLANG_WARN_NON_LITERAL_NULL_CONVERSION = YES;
				CLANG_WARN_OBJC_IMPLICIT_RETAIN_SELF = YES;
				CLANG_WARN_OBJC_LITERAL_CONVERSION = YES;
				CLANG_WARN_OBJC_ROOT_CLASS = YES_ERROR;
				CLANG_WARN_QUOTED_INCLUDE_IN_FRAMEWORK_HEADER = YES;
				CLANG_WARN_RANGE_LOOP_ANALYSIS = YES;
				CLANG_WARN_STRICT_PROTOTYPES = YES;
				CLANG_WARN_SUSPICIOUS_MOVE = YES;
				CLANG_WARN_UNGUARDED_AVAILABILITY = YES_AGGRESSIVE;
				CLANG_WARN_UNREACHABLE_CODE = YES;
				CLANG_WARN__DUPLICATE_METHOD_MATCH = YES;
				COPY_PHASE_STRIP = NO;
				DEBUG_INFORMATION_FORMAT = "dwarf-with-dsym";
				ENABLE_NS_ASSERTIONS = NO;
				ENABLE_STRICT_OBJC_MSGSEND = YES;
				GCC_C_LANGUAGE_STANDARD = gnu11;
				GCC_NO_COMMON_BLOCKS = YES;
				GCC_WARN_64_TO_32_BIT_CONVERSION = YES;
				GCC_WARN_ABOUT_RETURN_TYPE = YES_ERROR;
				GCC_WARN_UNDECLARED_SELECTOR = YES;
				GCC_WARN_UNINITIALIZED_AUTOS = YES_AGGRESSIVE;
				GCC_WARN_UNUSED_FUNCTION = YES;
				GCC_WARN_UNUSED_VARIABLE = YES;
				IPHONEOS_DEPLOYMENT_TARGET = 14.2;
				MTL_ENABLE_DEBUG_INFO = NO;
				MTL_FAST_MATH = YES;
				SDKROOT = iphoneos;
				SWIFT_COMPILATION_MODE = wholemodule;
				SWIFT_OPTIMIZATION_LEVEL = "-O";
				VALIDATE_PRODUCT = YES;
			};
			name = Release;
		};
		A5D04EE425ABB228004BE0F8 /* Debug */ = {
			isa = XCBuildConfiguration;
			buildSettings = {
				ASSETCATALOG_COMPILER_APPICON_NAME = AppIcon;
				ASSETCATALOG_COMPILER_GLOBAL_ACCENT_COLOR_NAME = AccentColor;
				CODE_SIGN_STYLE = Automatic;
				DEVELOPMENT_ASSET_PATHS = "\"Books/Preview Content\"";
				DEVELOPMENT_TEAM = HN44TWC52L;
				ENABLE_PREVIEWS = YES;
				INFOPLIST_FILE = Books/Info.plist;
				IPHONEOS_DEPLOYMENT_TARGET = 14.0;
				LD_RUNPATH_SEARCH_PATHS = (
					"$(inherited)",
					"@executable_path/Frameworks",
				);
				PRODUCT_BUNDLE_IDENTIFIER = de.rajmalhotra.Books;
				PRODUCT_NAME = "$(TARGET_NAME)";
				SWIFT_VERSION = 5.0;
				TARGETED_DEVICE_FAMILY = "1,2";
			};
			name = Debug;
		};
		A5D04EE525ABB228004BE0F8 /* Release */ = {
			isa = XCBuildConfiguration;
			buildSettings = {
				ASSETCATALOG_COMPILER_APPICON_NAME = AppIcon;
				ASSETCATALOG_COMPILER_GLOBAL_ACCENT_COLOR_NAME = AccentColor;
				CODE_SIGN_STYLE = Automatic;
				DEVELOPMENT_ASSET_PATHS = "\"Books/Preview Content\"";
				DEVELOPMENT_TEAM = HN44TWC52L;
				ENABLE_PREVIEWS = YES;
				INFOPLIST_FILE = Books/Info.plist;
				IPHONEOS_DEPLOYMENT_TARGET = 14.0;
				LD_RUNPATH_SEARCH_PATHS = (
					"$(inherited)",
					"@executable_path/Frameworks",
				);
				PRODUCT_BUNDLE_IDENTIFIER = de.rajmalhotra.Books;
				PRODUCT_NAME = "$(TARGET_NAME)";
				SWIFT_VERSION = 5.0;
				TARGETED_DEVICE_FAMILY = "1,2";
			};
			name = Release;
		};
/* End XCBuildConfiguration section */

/* Begin XCConfigurationList section */
		A5D04ECA25ABB226004BE0F8 /* Build configuration list for PBXProject "Books" */ = {
			isa = XCConfigurationList;
			buildConfigurations = (
				A5D04EE125ABB228004BE0F8 /* Debug */,
				A5D04EE225ABB228004BE0F8 /* Release */,
			);
			defaultConfigurationIsVisible = 0;
			defaultConfigurationName = Release;
		};
		A5D04EE325ABB228004BE0F8 /* Build configuration list for PBXNativeTarget "Books" */ = {
			isa = XCConfigurationList;
			buildConfigurations = (
				A5D04EE425ABB228004BE0F8 /* Debug */,
				A5D04EE525ABB228004BE0F8 /* Release */,
			);
			defaultConfigurationIsVisible = 0;
			defaultConfigurationName = Release;
		};
/* End XCConfigurationList section */

/* Begin XCVersionGroup section */
		A5D04EDD25ABB228004BE0F8 /* Books.xcdatamodeld */ = {
			isa = XCVersionGroup;
			children = (
				A5D04EDE25ABB228004BE0F8 /* Books.xcdatamodel */,
			);
			currentVersion = A5D04EDE25ABB228004BE0F8 /* Books.xcdatamodel */;
			path = Books.xcdatamodeld;
			sourceTree = "<group>";
			versionGroupType = wrapper.xcdatamodel;
		};
/* End XCVersionGroup section */
	};
	rootObject = A5D04EC725ABB226004BE0F8 /* Project object */;
}
